// !$*UTF8*$!
{
	archiveVersion = 1;
	classes = {
	};
	objectVersion = 48;
	objects = {

/* Begin PBXBuildFile section */
		D1054FFB20465E1400660035 /* AppDelegate.swift in Sources */ = {isa = PBXBuildFile; fileRef = D1054FFA20465E1400660035 /* AppDelegate.swift */; };
		D1054FFD20465E1400660035 /* ViewController.swift in Sources */ = {isa = PBXBuildFile; fileRef = D1054FFC20465E1400660035 /* ViewController.swift */; };
		D105500020465E1400660035 /* Main.storyboard in Resources */ = {isa = PBXBuildFile; fileRef = D1054FFE20465E1400660035 /* Main.storyboard */; };
		D105500220465E1400660035 /* Assets.xcassets in Resources */ = {isa = PBXBuildFile; fileRef = D105500120465E1400660035 /* Assets.xcassets */; };
		D105500520465E1400660035 /* LaunchScreen.storyboard in Resources */ = {isa = PBXBuildFile; fileRef = D105500320465E1400660035 /* LaunchScreen.storyboard */; };
		D105501020465E1400660035 /* NightScoutTests.swift in Sources */ = {isa = PBXBuildFile; fileRef = D105500F20465E1400660035 /* NightScoutTests.swift */; };
		D105501B20465E1500660035 /* NightScoutUITests.swift in Sources */ = {isa = PBXBuildFile; fileRef = D105501A20465E1500660035 /* NightScoutUITests.swift */; };
/* End PBXBuildFile section */

/* Begin PBXContainerItemProxy section */
		D105500C20465E1400660035 /* PBXContainerItemProxy */ = {
			isa = PBXContainerItemProxy;
			containerPortal = D1054FEF20465E1400660035 /* Project object */;
			proxyType = 1;
			remoteGlobalIDString = D1054FF620465E1400660035;
			remoteInfo = NightScout;
		};
		D105501720465E1500660035 /* PBXContainerItemProxy */ = {
			isa = PBXContainerItemProxy;
			containerPortal = D1054FEF20465E1400660035 /* Project object */;
			proxyType = 1;
			remoteGlobalIDString = D1054FF620465E1400660035;
			remoteInfo = NightScout;
		};
/* End PBXContainerItemProxy section */

/* Begin PBXFileReference section */
		D1054FF720465E1400660035 /* NightScout.app */ = {isa = PBXFileReference; explicitFileType = wrapper.application; includeInIndex = 0; path = NightScout.app; sourceTree = BUILT_PRODUCTS_DIR; };
		D1054FFA20465E1400660035 /* AppDelegate.swift */ = {isa = PBXFileReference; lastKnownFileType = sourcecode.swift; path = AppDelegate.swift; sourceTree = "<group>"; };
		D1054FFC20465E1400660035 /* ViewController.swift */ = {isa = PBXFileReference; lastKnownFileType = sourcecode.swift; path = ViewController.swift; sourceTree = "<group>"; };
		D1054FFF20465E1400660035 /* Base */ = {isa = PBXFileReference; lastKnownFileType = file.storyboard; name = Base; path = Base.lproj/Main.storyboard; sourceTree = "<group>"; };
		D105500120465E1400660035 /* Assets.xcassets */ = {isa = PBXFileReference; lastKnownFileType = folder.assetcatalog; path = Assets.xcassets; sourceTree = "<group>"; };
		D105500420465E1400660035 /* Base */ = {isa = PBXFileReference; lastKnownFileType = file.storyboard; name = Base; path = Base.lproj/LaunchScreen.storyboard; sourceTree = "<group>"; };
		D105500620465E1400660035 /* Info.plist */ = {isa = PBXFileReference; lastKnownFileType = text.plist.xml; path = Info.plist; sourceTree = "<group>"; };
		D105500B20465E1400660035 /* NightScoutTests.xctest */ = {isa = PBXFileReference; explicitFileType = wrapper.cfbundle; includeInIndex = 0; path = NightScoutTests.xctest; sourceTree = BUILT_PRODUCTS_DIR; };
		D105500F20465E1400660035 /* NightScoutTests.swift */ = {isa = PBXFileReference; lastKnownFileType = sourcecode.swift; path = NightScoutTests.swift; sourceTree = "<group>"; };
		D105501120465E1500660035 /* Info.plist */ = {isa = PBXFileReference; lastKnownFileType = text.plist.xml; path = Info.plist; sourceTree = "<group>"; };
		D105501620465E1500660035 /* NightScoutUITests.xctest */ = {isa = PBXFileReference; explicitFileType = wrapper.cfbundle; includeInIndex = 0; path = NightScoutUITests.xctest; sourceTree = BUILT_PRODUCTS_DIR; };
		D105501A20465E1500660035 /* NightScoutUITests.swift */ = {isa = PBXFileReference; lastKnownFileType = sourcecode.swift; path = NightScoutUITests.swift; sourceTree = "<group>"; };
		D105501C20465E1500660035 /* Info.plist */ = {isa = PBXFileReference; lastKnownFileType = text.plist.xml; path = Info.plist; sourceTree = "<group>"; };
/* End PBXFileReference section */

/* Begin PBXFrameworksBuildPhase section */
		D1054FF420465E1400660035 /* Frameworks */ = {
			isa = PBXFrameworksBuildPhase;
			buildActionMask = 2147483647;
			files = (
			);
			runOnlyForDeploymentPostprocessing = 0;
		};
		D105500820465E1400660035 /* Frameworks */ = {
			isa = PBXFrameworksBuildPhase;
			buildActionMask = 2147483647;
			files = (
			);
			runOnlyForDeploymentPostprocessing = 0;
		};
		D105501320465E1500660035 /* Frameworks */ = {
			isa = PBXFrameworksBuildPhase;
			buildActionMask = 2147483647;
			files = (
			);
			runOnlyForDeploymentPostprocessing = 0;
		};
/* End PBXFrameworksBuildPhase section */

/* Begin PBXGroup section */
		D1054FEE20465E1400660035 = {
			isa = PBXGroup;
			children = (
				D1054FF920465E1400660035 /* NightScout */,
				D105500E20465E1400660035 /* NightScoutTests */,
				D105501920465E1500660035 /* NightScoutUITests */,
				D1054FF820465E1400660035 /* Products */,
			);
			sourceTree = "<group>";
		};
		D1054FF820465E1400660035 /* Products */ = {
			isa = PBXGroup;
			children = (
				D1054FF720465E1400660035 /* NightScout.app */,
				D105500B20465E1400660035 /* NightScoutTests.xctest */,
				D105501620465E1500660035 /* NightScoutUITests.xctest */,
			);
			name = Products;
			sourceTree = "<group>";
		};
		D1054FF920465E1400660035 /* NightScout */ = {
			isa = PBXGroup;
			children = (
				D1054FFA20465E1400660035 /* AppDelegate.swift */,
				D1054FFC20465E1400660035 /* ViewController.swift */,
				D1054FFE20465E1400660035 /* Main.storyboard */,
				D105500120465E1400660035 /* Assets.xcassets */,
				D105500320465E1400660035 /* LaunchScreen.storyboard */,
				D105500620465E1400660035 /* Info.plist */,
			);
			path = NightScout;
			sourceTree = "<group>";
		};
		D105500E20465E1400660035 /* NightScoutTests */ = {
			isa = PBXGroup;
			children = (
				D105500F20465E1400660035 /* NightScoutTests.swift */,
				D105501120465E1500660035 /* Info.plist */,
			);
			path = NightScoutTests;
			sourceTree = "<group>";
		};
		D105501920465E1500660035 /* NightScoutUITests */ = {
			isa = PBXGroup;
			children = (
				D105501A20465E1500660035 /* NightScoutUITests.swift */,
				D105501C20465E1500660035 /* Info.plist */,
			);
			path = NightScoutUITests;
			sourceTree = "<group>";
		};
/* End PBXGroup section */

/* Begin PBXNativeTarget section */
		D1054FF620465E1400660035 /* NightScout */ = {
			isa = PBXNativeTarget;
			buildConfigurationList = D105501F20465E1500660035 /* Build configuration list for PBXNativeTarget "NightScout" */;
			buildPhases = (
				D1054FF320465E1400660035 /* Sources */,
				D1054FF420465E1400660035 /* Frameworks */,
				D1054FF520465E1400660035 /* Resources */,
			);
			buildRules = (
			);
			dependencies = (
			);
			name = NightScout;
			productName = NightScout;
			productReference = D1054FF720465E1400660035 /* NightScout.app */;
			productType = "com.apple.product-type.application";
		};
		D105500A20465E1400660035 /* NightScoutTests */ = {
			isa = PBXNativeTarget;
			buildConfigurationList = D105502220465E1500660035 /* Build configuration list for PBXNativeTarget "NightScoutTests" */;
			buildPhases = (
				D105500720465E1400660035 /* Sources */,
				D105500820465E1400660035 /* Frameworks */,
				D105500920465E1400660035 /* Resources */,
			);
			buildRules = (
			);
			dependencies = (
				D105500D20465E1400660035 /* PBXTargetDependency */,
			);
			name = NightScoutTests;
			productName = NightScoutTests;
			productReference = D105500B20465E1400660035 /* NightScoutTests.xctest */;
			productType = "com.apple.product-type.bundle.unit-test";
		};
		D105501520465E1500660035 /* NightScoutUITests */ = {
			isa = PBXNativeTarget;
			buildConfigurationList = D105502520465E1500660035 /* Build configuration list for PBXNativeTarget "NightScoutUITests" */;
			buildPhases = (
				D105501220465E1500660035 /* Sources */,
				D105501320465E1500660035 /* Frameworks */,
				D105501420465E1500660035 /* Resources */,
			);
			buildRules = (
			);
			dependencies = (
				D105501820465E1500660035 /* PBXTargetDependency */,
			);
			name = NightScoutUITests;
			productName = NightScoutUITests;
			productReference = D105501620465E1500660035 /* NightScoutUITests.xctest */;
			productType = "com.apple.product-type.bundle.ui-testing";
		};
/* End PBXNativeTarget section */

/* Begin PBXProject section */
		D1054FEF20465E1400660035 /* Project object */ = {
			isa = PBXProject;
			attributes = {
				LastSwiftUpdateCheck = 0920;
				LastUpgradeCheck = 0920;
				ORGANIZATIONNAME = "Dmitry Valov";
				TargetAttributes = {
					D1054FF620465E1400660035 = {
						CreatedOnToolsVersion = 9.2;
						ProvisioningStyle = Automatic;
					};
					D105500A20465E1400660035 = {
						CreatedOnToolsVersion = 9.2;
						ProvisioningStyle = Automatic;
						TestTargetID = D1054FF620465E1400660035;
					};
					D105501520465E1500660035 = {
						CreatedOnToolsVersion = 9.2;
						ProvisioningStyle = Automatic;
						TestTargetID = D1054FF620465E1400660035;
					};
				};
			};
			buildConfigurationList = D1054FF220465E1400660035 /* Build configuration list for PBXProject "NightScout" */;
			compatibilityVersion = "Xcode 8.0";
			developmentRegion = en;
			hasScannedForEncodings = 0;
			knownRegions = (
				en,
				Base,
			);
			mainGroup = D1054FEE20465E1400660035;
			productRefGroup = D1054FF820465E1400660035 /* Products */;
			projectDirPath = "";
			projectRoot = "";
			targets = (
				D1054FF620465E1400660035 /* NightScout */,
				D105500A20465E1400660035 /* NightScoutTests */,
				D105501520465E1500660035 /* NightScoutUITests */,
			);
		};
/* End PBXProject section */

/* Begin PBXResourcesBuildPhase section */
		D1054FF520465E1400660035 /* Resources */ = {
			isa = PBXResourcesBuildPhase;
			buildActionMask = 2147483647;
			files = (
				D105500520465E1400660035 /* LaunchScreen.storyboard in Resources */,
				D105500220465E1400660035 /* Assets.xcassets in Resources */,
				D105500020465E1400660035 /* Main.storyboard in Resources */,
			);
			runOnlyForDeploymentPostprocessing = 0;
		};
		D105500920465E1400660035 /* Resources */ = {
			isa = PBXResourcesBuildPhase;
			buildActionMask = 2147483647;
			files = (
			);
			runOnlyForDeploymentPostprocessing = 0;
		};
		D105501420465E1500660035 /* Resources */ = {
			isa = PBXResourcesBuildPhase;
			buildActionMask = 2147483647;
			files = (
			);
			runOnlyForDeploymentPostprocessing = 0;
		};
/* End PBXResourcesBuildPhase section */

/* Begin PBXSourcesBuildPhase section */
		D1054FF320465E1400660035 /* Sources */ = {
			isa = PBXSourcesBuildPhase;
			buildActionMask = 2147483647;
			files = (
				D1054FFD20465E1400660035 /* ViewController.swift in Sources */,
				D1054FFB20465E1400660035 /* AppDelegate.swift in Sources */,
			);
			runOnlyForDeploymentPostprocessing = 0;
		};
		D105500720465E1400660035 /* Sources */ = {
			isa = PBXSourcesBuildPhase;
			buildActionMask = 2147483647;
			files = (
				D105501020465E1400660035 /* NightScoutTests.swift in Sources */,
			);
			runOnlyForDeploymentPostprocessing = 0;
		};
		D105501220465E1500660035 /* Sources */ = {
			isa = PBXSourcesBuildPhase;
			buildActionMask = 2147483647;
			files = (
				D105501B20465E1500660035 /* NightScoutUITests.swift in Sources */,
			);
			runOnlyForDeploymentPostprocessing = 0;
		};
/* End PBXSourcesBuildPhase section */

/* Begin PBXTargetDependency section */
		D105500D20465E1400660035 /* PBXTargetDependency */ = {
			isa = PBXTargetDependency;
			target = D1054FF620465E1400660035 /* NightScout */;
			targetProxy = D105500C20465E1400660035 /* PBXContainerItemProxy */;
		};
		D105501820465E1500660035 /* PBXTargetDependency */ = {
			isa = PBXTargetDependency;
			target = D1054FF620465E1400660035 /* NightScout */;
			targetProxy = D105501720465E1500660035 /* PBXContainerItemProxy */;
		};
/* End PBXTargetDependency section */

/* Begin PBXVariantGroup section */
		D1054FFE20465E1400660035 /* Main.storyboard */ = {
			isa = PBXVariantGroup;
			children = (
				D1054FFF20465E1400660035 /* Base */,
			);
			name = Main.storyboard;
			sourceTree = "<group>";
		};
		D105500320465E1400660035 /* LaunchScreen.storyboard */ = {
			isa = PBXVariantGroup;
			children = (
				D105500420465E1400660035 /* Base */,
			);
			name = LaunchScreen.storyboard;
			sourceTree = "<group>";
		};
/* End PBXVariantGroup section */

/* Begin XCBuildConfiguration section */
		D105501D20465E1500660035 /* Debug */ = {
			isa = XCBuildConfiguration;
			buildSettings = {
				ALWAYS_SEARCH_USER_PATHS = NO;
				CLANG_ANALYZER_NONNULL = YES;
				CLANG_ANALYZER_NUMBER_OBJECT_CONVERSION = YES_AGGRESSIVE;
				CLANG_CXX_LANGUAGE_STANDARD = "gnu++14";
				CLANG_CXX_LIBRARY = "libc++";
				CLANG_ENABLE_MODULES = YES;
				CLANG_ENABLE_OBJC_ARC = YES;
				CLANG_WARN_BLOCK_CAPTURE_AUTORELEASING = YES;
				CLANG_WARN_BOOL_CONVERSION = YES;
				CLANG_WARN_COMMA = YES;
				CLANG_WARN_CONSTANT_CONVERSION = YES;
				CLANG_WARN_DIRECT_OBJC_ISA_USAGE = YES_ERROR;
				CLANG_WARN_DOCUMENTATION_COMMENTS = YES;
				CLANG_WARN_EMPTY_BODY = YES;
				CLANG_WARN_ENUM_CONVERSION = YES;
				CLANG_WARN_INFINITE_RECURSION = YES;
				CLANG_WARN_INT_CONVERSION = YES;
				CLANG_WARN_NON_LITERAL_NULL_CONVERSION = YES;
				CLANG_WARN_OBJC_LITERAL_CONVERSION = YES;
				CLANG_WARN_OBJC_ROOT_CLASS = YES_ERROR;
				CLANG_WARN_RANGE_LOOP_ANALYSIS = YES;
				CLANG_WARN_STRICT_PROTOTYPES = YES;
				CLANG_WARN_SUSPICIOUS_MOVE = YES;
				CLANG_WARN_UNGUARDED_AVAILABILITY = YES_AGGRESSIVE;
				CLANG_WARN_UNREACHABLE_CODE = YES;
				CLANG_WARN__DUPLICATE_METHOD_MATCH = YES;
				CODE_SIGN_IDENTITY = "iPhone Developer";
				COPY_PHASE_STRIP = NO;
				DEBUG_INFORMATION_FORMAT = dwarf;
				ENABLE_STRICT_OBJC_MSGSEND = YES;
				ENABLE_TESTABILITY = YES;
				GCC_C_LANGUAGE_STANDARD = gnu11;
				GCC_DYNAMIC_NO_PIC = NO;
				GCC_NO_COMMON_BLOCKS = YES;
				GCC_OPTIMIZATION_LEVEL = 0;
				GCC_PREPROCESSOR_DEFINITIONS = (
					"DEBUG=1",
					"$(inherited)",
				);
				GCC_WARN_64_TO_32_BIT_CONVERSION = YES;
				GCC_WARN_ABOUT_RETURN_TYPE = YES_ERROR;
				GCC_WARN_UNDECLARED_SELECTOR = YES;
				GCC_WARN_UNINITIALIZED_AUTOS = YES_AGGRESSIVE;
				GCC_WARN_UNUSED_FUNCTION = YES;
				GCC_WARN_UNUSED_VARIABLE = YES;
				IPHONEOS_DEPLOYMENT_TARGET = 11.2;
				MTL_ENABLE_DEBUG_INFO = YES;
				ONLY_ACTIVE_ARCH = YES;
				SDKROOT = iphoneos;
				SWIFT_ACTIVE_COMPILATION_CONDITIONS = DEBUG;
				SWIFT_OPTIMIZATION_LEVEL = "-Onone";
			};
			name = Debug;
		};
		D105501E20465E1500660035 /* Release */ = {
			isa = XCBuildConfiguration;
			buildSettings = {
				ALWAYS_SEARCH_USER_PATHS = NO;
				CLANG_ANALYZER_NONNULL = YES;
				CLANG_ANALYZER_NUMBER_OBJECT_CONVERSION = YES_AGGRESSIVE;
				CLANG_CXX_LANGUAGE_STANDARD = "gnu++14";
				CLANG_CXX_LIBRARY = "libc++";
				CLANG_ENABLE_MODULES = YES;
				CLANG_ENABLE_OBJC_ARC = YES;
				CLANG_WARN_BLOCK_CAPTURE_AUTORELEASING = YES;
				CLANG_WARN_BOOL_CONVERSION = YES;
				CLANG_WARN_COMMA = YES;
				CLANG_WARN_CONSTANT_CONVERSION = YES;
				CLANG_WARN_DIRECT_OBJC_ISA_USAGE = YES_ERROR;
				CLANG_WARN_DOCUMENTATION_COMMENTS = YES;
				CLANG_WARN_EMPTY_BODY = YES;
				CLANG_WARN_ENUM_CONVERSION = YES;
				CLANG_WARN_INFINITE_RECURSION = YES;
				CLANG_WARN_INT_CONVERSION = YES;
				CLANG_WARN_NON_LITERAL_NULL_CONVERSION = YES;
				CLANG_WARN_OBJC_LITERAL_CONVERSION = YES;
				CLANG_WARN_OBJC_ROOT_CLASS = YES_ERROR;
				CLANG_WARN_RANGE_LOOP_ANALYSIS = YES;
				CLANG_WARN_STRICT_PROTOTYPES = YES;
				CLANG_WARN_SUSPICIOUS_MOVE = YES;
				CLANG_WARN_UNGUARDED_AVAILABILITY = YES_AGGRESSIVE;
				CLANG_WARN_UNREACHABLE_CODE = YES;
				CLANG_WARN__DUPLICATE_METHOD_MATCH = YES;
				CODE_SIGN_IDENTITY = "iPhone Developer";
				COPY_PHASE_STRIP = NO;
				DEBUG_INFORMATION_FORMAT = "dwarf-with-dsym";
				ENABLE_NS_ASSERTIONS = NO;
				ENABLE_STRICT_OBJC_MSGSEND = YES;
				GCC_C_LANGUAGE_STANDARD = gnu11;
				GCC_NO_COMMON_BLOCKS = YES;
				GCC_WARN_64_TO_32_BIT_CONVERSION = YES;
				GCC_WARN_ABOUT_RETURN_TYPE = YES_ERROR;
				GCC_WARN_UNDECLARED_SELECTOR = YES;
				GCC_WARN_UNINITIALIZED_AUTOS = YES_AGGRESSIVE;
				GCC_WARN_UNUSED_FUNCTION = YES;
				GCC_WARN_UNUSED_VARIABLE = YES;
				IPHONEOS_DEPLOYMENT_TARGET = 11.2;
				MTL_ENABLE_DEBUG_INFO = NO;
				SDKROOT = iphoneos;
				SWIFT_OPTIMIZATION_LEVEL = "-Owholemodule";
				VALIDATE_PRODUCT = YES;
			};
			name = Release;
		};
		D105502020465E1500660035 /* Debug */ = {
			isa = XCBuildConfiguration;
			buildSettings = {
				ASSETCATALOG_COMPILER_APPICON_NAME = AppIcon;
				CODE_SIGN_STYLE = Automatic;
				DEVELOPMENT_TEAM = 8MC3WYRL49;
				INFOPLIST_FILE = NightScout/Info.plist;
				LD_RUNPATH_SEARCH_PATHS = "$(inherited) @executable_path/Frameworks";
				PRODUCT_BUNDLE_IDENTIFIER = Prolev.NightScout;
				PRODUCT_NAME = "$(TARGET_NAME)";
				SWIFT_VERSION = 4.0;
				TARGETED_DEVICE_FAMILY = "1,2";
			};
			name = Debug;
		};
		D105502120465E1500660035 /* Release */ = {
			isa = XCBuildConfiguration;
			buildSettings = {
				ASSETCATALOG_COMPILER_APPICON_NAME = AppIcon;
				CODE_SIGN_STYLE = Automatic;
				DEVELOPMENT_TEAM = 8MC3WYRL49;
				INFOPLIST_FILE = NightScout/Info.plist;
				LD_RUNPATH_SEARCH_PATHS = "$(inherited) @executable_path/Frameworks";
				PRODUCT_BUNDLE_IDENTIFIER = Prolev.NightScout;
				PRODUCT_NAME = "$(TARGET_NAME)";
				SWIFT_VERSION = 4.0;
				TARGETED_DEVICE_FAMILY = "1,2";
			};
			name = Release;
		};
		D105502320465E1500660035 /* Debug */ = {
			isa = XCBuildConfiguration;
			buildSettings = {
				ALWAYS_EMBED_SWIFT_STANDARD_LIBRARIES = YES;
				BUNDLE_LOADER = "$(TEST_HOST)";
				CODE_SIGN_STYLE = Automatic;
				DEVELOPMENT_TEAM = 8MC3WYRL49;
				INFOPLIST_FILE = NightScoutTests/Info.plist;
				LD_RUNPATH_SEARCH_PATHS = "$(inherited) @executable_path/Frameworks @loader_path/Frameworks";
				PRODUCT_BUNDLE_IDENTIFIER = Prolev.NightScoutTests;
				PRODUCT_NAME = "$(TARGET_NAME)";
				SWIFT_VERSION = 4.0;
				TARGETED_DEVICE_FAMILY = "1,2";
				TEST_HOST = "$(BUILT_PRODUCTS_DIR)/NightScout.app/NightScout";
			};
			name = Debug;
		};
		D105502420465E1500660035 /* Release */ = {
			isa = XCBuildConfiguration;
			buildSettings = {
				ALWAYS_EMBED_SWIFT_STANDARD_LIBRARIES = YES;
				BUNDLE_LOADER = "$(TEST_HOST)";
				CODE_SIGN_STYLE = Automatic;
				DEVELOPMENT_TEAM = 8MC3WYRL49;
				INFOPLIST_FILE = NightScoutTests/Info.plist;
				LD_RUNPATH_SEARCH_PATHS = "$(inherited) @executable_path/Frameworks @loader_path/Frameworks";
				PRODUCT_BUNDLE_IDENTIFIER = Prolev.NightScoutTests;
				PRODUCT_NAME = "$(TARGET_NAME)";
				SWIFT_VERSION = 4.0;
				TARGETED_DEVICE_FAMILY = "1,2";
				TEST_HOST = "$(BUILT_PRODUCTS_DIR)/NightScout.app/NightScout";
			};
			name = Release;
		};
		D105502620465E1500660035 /* Debug */ = {
			isa = XCBuildConfiguration;
			buildSettings = {
				ALWAYS_EMBED_SWIFT_STANDARD_LIBRARIES = YES;
				CODE_SIGN_STYLE = Automatic;
				DEVELOPMENT_TEAM = 8MC3WYRL49;
				INFOPLIST_FILE = NightScoutUITests/Info.plist;
				LD_RUNPATH_SEARCH_PATHS = "$(inherited) @executable_path/Frameworks @loader_path/Frameworks";
				PRODUCT_BUNDLE_IDENTIFIER = Prolev.NightScoutUITests;
				PRODUCT_NAME = "$(TARGET_NAME)";
				SWIFT_VERSION = 4.0;
				TARGETED_DEVICE_FAMILY = "1,2";
				TEST_TARGET_NAME = NightScout;
			};
			name = Debug;
		};
		D105502720465E1500660035 /* Release */ = {
			isa = XCBuildConfiguration;
			buildSettings = {
				ALWAYS_EMBED_SWIFT_STANDARD_LIBRARIES = YES;
				CODE_SIGN_STYLE = Automatic;
				DEVELOPMENT_TEAM = 8MC3WYRL49;
				INFOPLIST_FILE = NightScoutUITests/Info.plist;
				LD_RUNPATH_SEARCH_PATHS = "$(inherited) @executable_path/Frameworks @loader_path/Frameworks";
				PRODUCT_BUNDLE_IDENTIFIER = Prolev.NightScoutUITests;
				PRODUCT_NAME = "$(TARGET_NAME)";
				SWIFT_VERSION = 4.0;
				TARGETED_DEVICE_FAMILY = "1,2";
				TEST_TARGET_NAME = NightScout;
			};
			name = Release;
		};
/* End XCBuildConfiguration section */

/* Begin XCConfigurationList section */
		D1054FF220465E1400660035 /* Build configuration list for PBXProject "NightScout" */ = {
			isa = XCConfigurationList;
			buildConfigurations = (
				D105501D20465E1500660035 /* Debug */,
				D105501E20465E1500660035 /* Release */,
			);
			defaultConfigurationIsVisible = 0;
			defaultConfigurationName = Release;
		};
		D105501F20465E1500660035 /* Build configuration list for PBXNativeTarget "NightScout" */ = {
			isa = XCConfigurationList;
			buildConfigurations = (
				D105502020465E1500660035 /* Debug */,
				D105502120465E1500660035 /* Release */,
			);
			defaultConfigurationIsVisible = 0;
			defaultConfigurationName = Release;
		};
		D105502220465E1500660035 /* Build configuration list for PBXNativeTarget "NightScoutTests" */ = {
			isa = XCConfigurationList;
			buildConfigurations = (
				D105502320465E1500660035 /* Debug */,
				D105502420465E1500660035 /* Release */,
			);
			defaultConfigurationIsVisible = 0;
			defaultConfigurationName = Release;
		};
		D105502520465E1500660035 /* Build configuration list for PBXNativeTarget "NightScoutUITests" */ = {
			isa = XCConfigurationList;
			buildConfigurations = (
				D105502620465E1500660035 /* Debug */,
				D105502720465E1500660035 /* Release */,
			);
			defaultConfigurationIsVisible = 0;
			defaultConfigurationName = Release;
		};
/* End XCConfigurationList section */
	};
	rootObject = D1054FEF20465E1400660035 /* Project object */;
}
